
Microsoft Visual Studio Solution File, Format Version 12.00
# Visual Studio Version 16
VisualStudioVersion = 16.0.31410.357
MinimumVisualStudioVersion = 10.0.40219.1
Project("{9A19103F-16F7-4668-BE54-9A1E7A4F7556}") = "GravityCalc", "GravityCalc\GravityCalc.csproj", "{2B308369-D279-427B-80DE-9A8F3F2789AA}"
EndProject
Project("{9A19103F-16F7-4668-BE54-9A1E7A4F7556}") = "GravityData", "GravityData\GravityData.csproj", "{425A2312-9B3A-4B29-B460-07ADA9E39B1C}"
EndProject
Project("{9A19103F-16F7-4668-BE54-9A1E7A4F7556}") = "GravityWebExt", "GravityWebExt\GravityWebExt.csproj", "{38DB02B4-18B5-4744-8C78-878C2C6804D2}"
EndProject
Project("{2150E333-8FDC-42A3-9474-1A3956D46DE8}") = "external", "external", "{55EB2EC3-A466-49D3-8535-7CE93F3F3D41}"
	ProjectSection(SolutionItems) = preProject
		external\Opc.Ua.Client.dll = external\Opc.Ua.Client.dll
		external\Opc.Ua.Core.dll = external\Opc.Ua.Core.dll
		external\UAClientHelperAPI.dll = external\UAClientHelperAPI.dll
	EndProjectSection
EndProject
Global
	GlobalSection(SolutionConfigurationPlatforms) = preSolution
		Debug|Any CPU = Debug|Any CPU
		Release|Any CPU = Release|Any CPU
	EndGlobalSection
	GlobalSection(ProjectConfigurationPlatforms) = postSolution
		{2B308369-D279-427B-80DE-9A8F3F2789AA}.Debug|Any CPU.ActiveCfg = Debug|Any CPU
		{2B308369-D279-427B-80DE-9A8F3F2789AA}.Debug|Any CPU.Build.0 = Debug|Any CPU
		{2B308369-D279-427B-80DE-9A8F3F2789AA}.Release|Any CPU.ActiveCfg = Release|Any CPU
		{2B308369-D279-427B-80DE-9A8F3F2789AA}.Release|Any CPU.Build.0 = Release|Any CPU
		{425A2312-9B3A-4B29-B460-07ADA9E39B1C}.Debug|Any CPU.ActiveCfg = Debug|Any CPU
		{425A2312-9B3A-4B29-B460-07ADA9E39B1C}.Debug|Any CPU.Build.0 = Debug|Any CPU
		{425A2312-9B3A-4B29-B460-07ADA9E39B1C}.Release|Any CPU.ActiveCfg = Release|Any CPU
		{425A2312-9B3A-4B29-B460-07ADA9E39B1C}.Release|Any CPU.Build.0 = Release|Any CPU
		{38DB02B4-18B5-4744-8C78-878C2C6804D2}.Debug|Any CPU.ActiveCfg = Debug|Any CPU
		{38DB02B4-18B5-4744-8C78-878C2C6804D2}.Debug|Any CPU.Build.0 = Debug|Any CPU
		{38DB02B4-18B5-4744-8C78-878C2C6804D2}.Release|Any CPU.ActiveCfg = Release|Any CPU
		{38DB02B4-18B5-4744-8C78-878C2C6804D2}.Release|Any CPU.Build.0 = Release|Any CPU
	EndGlobalSection
	GlobalSection(SolutionProperties) = preSolution
		HideSolutionNode = FALSE
	EndGlobalSection
	GlobalSection(ExtensibilityGlobals) = postSolution
		SolutionGuid = {BEC5BB6E-38CE-42C3-B0B2-963DB9202937}
	EndGlobalSection
EndGlobal
