
Microsoft Visual Studio Solution File, Format Version 12.00
# Visual Studio Version 16
VisualStudioVersion = 16.0.31313.79
MinimumVisualStudioVersion = 10.0.40219.1
Project("{9A19103F-16F7-4668-BE54-9A1E7A4F7556}") = "GravityData", "GravityData\GravityData.csproj", "{B80C81A5-C2EF-417A-9362-341EE6570318}"
EndProject
Project("{9A19103F-16F7-4668-BE54-9A1E7A4F7556}") = "GravityCalc", "GravityCalc\GravityCalc.csproj", "{82B73718-72AE-43D1-89FA-8CECBD493C94}"
EndProject
Project("{9A19103F-16F7-4668-BE54-9A1E7A4F7556}") = "GravityStart", "GravityStart\GravityStart.csproj", "{2151E229-FCBE-426A-B534-7C56CBF1DEE9}"
EndProject
Project("{9A19103F-16F7-4668-BE54-9A1E7A4F7556}") = "GravityWeb", "GravityWeb\GravityWeb.csproj", "{2E7AE658-C867-48CF-B86F-0D7845943310}"
EndProject
Project("{FAE04EC0-301F-11D3-BF4B-00C04F79EFBC}") = "GravityWebExt", "GravityWebExt\GravityWebExt.csproj", "{D5199F09-EC4D-4C1B-B9E2-6A36A4066134}"
EndProject
Global
	GlobalSection(SolutionConfigurationPlatforms) = preSolution
		Debug|Any CPU = Debug|Any CPU
		Release|Any CPU = Release|Any CPU
	EndGlobalSection
	GlobalSection(ProjectConfigurationPlatforms) = postSolution
		{B80C81A5-C2EF-417A-9362-341EE6570318}.Debug|Any CPU.ActiveCfg = Debug|Any CPU
		{B80C81A5-C2EF-417A-9362-341EE6570318}.Debug|Any CPU.Build.0 = Debug|Any CPU
		{B80C81A5-C2EF-417A-9362-341EE6570318}.Release|Any CPU.ActiveCfg = Release|Any CPU
		{B80C81A5-C2EF-417A-9362-341EE6570318}.Release|Any CPU.Build.0 = Release|Any CPU
		{82B73718-72AE-43D1-89FA-8CECBD493C94}.Debug|Any CPU.ActiveCfg = Debug|Any CPU
		{82B73718-72AE-43D1-89FA-8CECBD493C94}.Debug|Any CPU.Build.0 = Debug|Any CPU
		{82B73718-72AE-43D1-89FA-8CECBD493C94}.Release|Any CPU.ActiveCfg = Release|Any CPU
		{82B73718-72AE-43D1-89FA-8CECBD493C94}.Release|Any CPU.Build.0 = Release|Any CPU
		{2151E229-FCBE-426A-B534-7C56CBF1DEE9}.Debug|Any CPU.ActiveCfg = Debug|Any CPU
		{2151E229-FCBE-426A-B534-7C56CBF1DEE9}.Debug|Any CPU.Build.0 = Debug|Any CPU
		{2151E229-FCBE-426A-B534-7C56CBF1DEE9}.Release|Any CPU.ActiveCfg = Release|Any CPU
		{2151E229-FCBE-426A-B534-7C56CBF1DEE9}.Release|Any CPU.Build.0 = Release|Any CPU
		{2E7AE658-C867-48CF-B86F-0D7845943310}.Debug|Any CPU.ActiveCfg = Debug|Any CPU
		{2E7AE658-C867-48CF-B86F-0D7845943310}.Debug|Any CPU.Build.0 = Debug|Any CPU
		{2E7AE658-C867-48CF-B86F-0D7845943310}.Release|Any CPU.ActiveCfg = Release|Any CPU
		{2E7AE658-C867-48CF-B86F-0D7845943310}.Release|Any CPU.Build.0 = Release|Any CPU
		{D5199F09-EC4D-4C1B-B9E2-6A36A4066134}.Debug|Any CPU.ActiveCfg = Debug|Any CPU
		{D5199F09-EC4D-4C1B-B9E2-6A36A4066134}.Debug|Any CPU.Build.0 = Debug|Any CPU
		{D5199F09-EC4D-4C1B-B9E2-6A36A4066134}.Release|Any CPU.ActiveCfg = Release|Any CPU
		{D5199F09-EC4D-4C1B-B9E2-6A36A4066134}.Release|Any CPU.Build.0 = Release|Any CPU
	EndGlobalSection
	GlobalSection(SolutionProperties) = preSolution
		HideSolutionNode = FALSE
	EndGlobalSection
	GlobalSection(ExtensibilityGlobals) = postSolution
		SolutionGuid = {62BCDE25-9AA6-4481-9457-FD19B92086AC}
	EndGlobalSection
EndGlobal
